// !$*UTF8*$!
{
	archiveVersion = 1;
	classes = {
	};
	objectVersion = 50;
	objects = {

/* Begin PBXBuildFile section */
		2B31D98E24853AFB0062E875 /* AppDelegate.swift in Sources */ = {isa = PBXBuildFile; fileRef = 2B31D98D24853AFB0062E875 /* AppDelegate.swift */; };
		2B31D99224853AFB0062E875 /* VideoListViewController.swift in Sources */ = {isa = PBXBuildFile; fileRef = 2B31D99124853AFB0062E875 /* VideoListViewController.swift */; };
		2B31D99524853AFB0062E875 /* Main.storyboard in Resources */ = {isa = PBXBuildFile; fileRef = 2B31D99324853AFB0062E875 /* Main.storyboard */; };
		2B31D99724853AFE0062E875 /* Assets.xcassets in Resources */ = {isa = PBXBuildFile; fileRef = 2B31D99624853AFE0062E875 /* Assets.xcassets */; };
		2B31D99A24853AFE0062E875 /* LaunchScreen.storyboard in Resources */ = {isa = PBXBuildFile; fileRef = 2B31D99824853AFE0062E875 /* LaunchScreen.storyboard */; };
		2B31D9A22485485E0062E875 /* VideoListViewCell.swift in Sources */ = {isa = PBXBuildFile; fileRef = 2B31D9A12485485E0062E875 /* VideoListViewCell.swift */; };
		2B31D9A424855DA90062E875 /* Cartfile in Resources */ = {isa = PBXBuildFile; fileRef = 2B31D9A324855DA90062E875 /* Cartfile */; };
		2B31D9A724869A9D0062E875 /* YoutubeKit.framework in Frameworks */ = {isa = PBXBuildFile; fileRef = 2B31D9A624869A9D0062E875 /* YoutubeKit.framework */; };
		2B31D9A824869A9D0062E875 /* YoutubeKit.framework in Embed Frameworks */ = {isa = PBXBuildFile; fileRef = 2B31D9A624869A9D0062E875 /* YoutubeKit.framework */; settings = {ATTRIBUTES = (CodeSignOnCopy, RemoveHeadersOnCopy, ); }; };
		2B31D9AC24869D1F0062E875 /* Cartfile.resolved in Resources */ = {isa = PBXBuildFile; fileRef = 2B31D9AB24869D1F0062E875 /* Cartfile.resolved */; };
		2B31D9B02486A8A60062E875 /* ViewController.swift in Sources */ = {isa = PBXBuildFile; fileRef = 2B31D9AF2486A8A60062E875 /* ViewController.swift */; };
		2B31D9B22486AA3D0062E875 /* ProblemViewController.swift in Sources */ = {isa = PBXBuildFile; fileRef = 2B31D9B12486AA3D0062E875 /* ProblemViewController.swift */; };
		2B31D9B4248B86100062E875 /* WorkaroundViewController.swift in Sources */ = {isa = PBXBuildFile; fileRef = 2B31D9B3248B860F0062E875 /* WorkaroundViewController.swift */; };
/* End PBXBuildFile section */

/* Begin PBXCopyFilesBuildPhase section */
		2B31D9A924869A9D0062E875 /* Embed Frameworks */ = {
			isa = PBXCopyFilesBuildPhase;
			buildActionMask = 2147483647;
			dstPath = "";
			dstSubfolderSpec = 10;
			files = (
				2B31D9A824869A9D0062E875 /* YoutubeKit.framework in Embed Frameworks */,
			);
			name = "Embed Frameworks";
			runOnlyForDeploymentPostprocessing = 0;
		};
/* End PBXCopyFilesBuildPhase section */

/* Begin PBXFileReference section */
		2B31D98A24853AFB0062E875 /* YTPlayer-Test.app */ = {isa = PBXFileReference; explicitFileType = wrapper.application; includeInIndex = 0; path = "YTPlayer-Test.app"; sourceTree = BUILT_PRODUCTS_DIR; };
		2B31D98D24853AFB0062E875 /* AppDelegate.swift */ = {isa = PBXFileReference; lastKnownFileType = sourcecode.swift; path = AppDelegate.swift; sourceTree = "<group>"; };
		2B31D99124853AFB0062E875 /* VideoListViewController.swift */ = {isa = PBXFileReference; lastKnownFileType = sourcecode.swift; path = VideoListViewController.swift; sourceTree = "<group>"; };
		2B31D99424853AFB0062E875 /* Base */ = {isa = PBXFileReference; lastKnownFileType = file.storyboard; name = Base; path = Base.lproj/Main.storyboard; sourceTree = "<group>"; };
		2B31D99624853AFE0062E875 /* Assets.xcassets */ = {isa = PBXFileReference; lastKnownFileType = folder.assetcatalog; path = Assets.xcassets; sourceTree = "<group>"; };
		2B31D99924853AFE0062E875 /* Base */ = {isa = PBXFileReference; lastKnownFileType = file.storyboard; name = Base; path = Base.lproj/LaunchScreen.storyboard; sourceTree = "<group>"; };
		2B31D99B24853AFE0062E875 /* Info.plist */ = {isa = PBXFileReference; lastKnownFileType = text.plist.xml; path = Info.plist; sourceTree = "<group>"; };
		2B31D9A12485485E0062E875 /* VideoListViewCell.swift */ = {isa = PBXFileReference; lastKnownFileType = sourcecode.swift; path = VideoListViewCell.swift; sourceTree = "<group>"; };
		2B31D9A324855DA90062E875 /* Cartfile */ = {isa = PBXFileReference; fileEncoding = 4; lastKnownFileType = text; path = Cartfile; sourceTree = "<group>"; };
		2B31D9A624869A9D0062E875 /* YoutubeKit.framework */ = {isa = PBXFileReference; lastKnownFileType = wrapper.framework; name = YoutubeKit.framework; path = Carthage/Build/iOS/YoutubeKit.framework; sourceTree = "<group>"; };
		2B31D9AB24869D1F0062E875 /* Cartfile.resolved */ = {isa = PBXFileReference; fileEncoding = 4; lastKnownFileType = text; path = Cartfile.resolved; sourceTree = "<group>"; };
		2B31D9AF2486A8A60062E875 /* ViewController.swift */ = {isa = PBXFileReference; fileEncoding = 4; lastKnownFileType = sourcecode.swift; path = ViewController.swift; sourceTree = "<group>"; };
		2B31D9B12486AA3D0062E875 /* ProblemViewController.swift */ = {isa = PBXFileReference; lastKnownFileType = sourcecode.swift; path = ProblemViewController.swift; sourceTree = "<group>"; };
		2B31D9B3248B860F0062E875 /* WorkaroundViewController.swift */ = {isa = PBXFileReference; lastKnownFileType = sourcecode.swift; path = WorkaroundViewController.swift; sourceTree = "<group>"; };
/* End PBXFileReference section */

/* Begin PBXFrameworksBuildPhase section */
		2B31D98724853AFB0062E875 /* Frameworks */ = {
			isa = PBXFrameworksBuildPhase;
			buildActionMask = 2147483647;
			files = (
				2B31D9A724869A9D0062E875 /* YoutubeKit.framework in Frameworks */,
			);
			runOnlyForDeploymentPostprocessing = 0;
		};
/* End PBXFrameworksBuildPhase section */

/* Begin PBXGroup section */
		2B31D98124853AFB0062E875 = {
			isa = PBXGroup;
			children = (
				2B31D9A324855DA90062E875 /* Cartfile */,
				2B31D9AB24869D1F0062E875 /* Cartfile.resolved */,
				2B31D98C24853AFB0062E875 /* YTPlayer-Test */,
				2B31D98B24853AFB0062E875 /* Products */,
				2B31D9A524869A9C0062E875 /* Frameworks */,
			);
			sourceTree = "<group>";
		};
		2B31D98B24853AFB0062E875 /* Products */ = {
			isa = PBXGroup;
			children = (
				2B31D98A24853AFB0062E875 /* YTPlayer-Test.app */,
			);
			name = Products;
			sourceTree = "<group>";
		};
		2B31D98C24853AFB0062E875 /* YTPlayer-Test */ = {
			isa = PBXGroup;
			children = (
				2B31D98D24853AFB0062E875 /* AppDelegate.swift */,
				2B31D9AF2486A8A60062E875 /* ViewController.swift */,
				2B31D9B12486AA3D0062E875 /* ProblemViewController.swift */,
				2B31D9B3248B860F0062E875 /* WorkaroundViewController.swift */,
				2B31D99124853AFB0062E875 /* VideoListViewController.swift */,
				2B31D9A12485485E0062E875 /* VideoListViewCell.swift */,
				2B31D99324853AFB0062E875 /* Main.storyboard */,
				2B31D99624853AFE0062E875 /* Assets.xcassets */,
				2B31D99824853AFE0062E875 /* LaunchScreen.storyboard */,
				2B31D99B24853AFE0062E875 /* Info.plist */,
			);
			path = "YTPlayer-Test";
			sourceTree = "<group>";
		};
		2B31D9A524869A9C0062E875 /* Frameworks */ = {
			isa = PBXGroup;
			children = (
				2B31D9A624869A9D0062E875 /* YoutubeKit.framework */,
			);
			name = Frameworks;
			sourceTree = "<group>";
		};
/* End PBXGroup section */

/* Begin PBXNativeTarget section */
		2B31D98924853AFB0062E875 /* YTPlayer-Test */ = {
			isa = PBXNativeTarget;
			buildConfigurationList = 2B31D99E24853AFE0062E875 /* Build configuration list for PBXNativeTarget "YTPlayer-Test" */;
			buildPhases = (
				2B31D98624853AFB0062E875 /* Sources */,
				2B31D98724853AFB0062E875 /* Frameworks */,
				2B31D98824853AFB0062E875 /* Resources */,
				2B31D9A924869A9D0062E875 /* Embed Frameworks */,
				2B31D9AA24869B020062E875 /* Carthage */,
			);
			buildRules = (
			);
			dependencies = (
			);
			name = "YTPlayer-Test";
			productName = "YTPlayer-Test";
			productReference = 2B31D98A24853AFB0062E875 /* YTPlayer-Test.app */;
			productType = "com.apple.product-type.application";
		};
/* End PBXNativeTarget section */

/* Begin PBXProject section */
		2B31D98224853AFB0062E875 /* Project object */ = {
			isa = PBXProject;
			attributes = {
				LastSwiftUpdateCheck = 1140;
				LastUpgradeCheck = 1140;
				TargetAttributes = {
					2B31D98924853AFB0062E875 = {
						CreatedOnToolsVersion = 11.4.1;
					};
				};
			};
			buildConfigurationList = 2B31D98524853AFB0062E875 /* Build configuration list for PBXProject "YTPlayer-Test" */;
			compatibilityVersion = "Xcode 9.3";
			developmentRegion = en;
			hasScannedForEncodings = 0;
			knownRegions = (
				en,
				Base,
			);
			mainGroup = 2B31D98124853AFB0062E875;
			productRefGroup = 2B31D98B24853AFB0062E875 /* Products */;
			projectDirPath = "";
			projectRoot = "";
			targets = (
				2B31D98924853AFB0062E875 /* YTPlayer-Test */,
			);
		};
/* End PBXProject section */

/* Begin PBXResourcesBuildPhase section */
		2B31D98824853AFB0062E875 /* Resources */ = {
			isa = PBXResourcesBuildPhase;
			buildActionMask = 2147483647;
			files = (
				2B31D99A24853AFE0062E875 /* LaunchScreen.storyboard in Resources */,
				2B31D99724853AFE0062E875 /* Assets.xcassets in Resources */,
				2B31D9A424855DA90062E875 /* Cartfile in Resources */,
				2B31D9AC24869D1F0062E875 /* Cartfile.resolved in Resources */,
				2B31D99524853AFB0062E875 /* Main.storyboard in Resources */,
			);
			runOnlyForDeploymentPostprocessing = 0;
		};
/* End PBXResourcesBuildPhase section */

/* Begin PBXShellScriptBuildPhase section */
		2B31D9AA24869B020062E875 /* Carthage */ = {
			isa = PBXShellScriptBuildPhase;
			buildActionMask = 2147483647;
			files = (
			);
			inputFileListPaths = (
			);
			inputPaths = (
				"$(SRCROOT)/Carthage/Build/iOS/YoutubeKit.framework",
			);
			name = Carthage;
			outputFileListPaths = (
			);
			outputPaths = (
				"$(DERIVED_FILE_DIR)/$(FRAMEWORKS_FOLDER_PATH)/YoutubeKit.framework",
			);
			runOnlyForDeploymentPostprocessing = 0;
			shellPath = /bin/sh;
			shellScript = "# Type a script or drag a script file from your workspace to insert its path.\n/usr/local/bin/carthage copy-frameworks\n";
		};
/* End PBXShellScriptBuildPhase section */

/* Begin PBXSourcesBuildPhase section */
		2B31D98624853AFB0062E875 /* Sources */ = {
			isa = PBXSourcesBuildPhase;
			buildActionMask = 2147483647;
			files = (
				2B31D99224853AFB0062E875 /* VideoListViewController.swift in Sources */,
				2B31D9A22485485E0062E875 /* VideoListViewCell.swift in Sources */,
				2B31D9B4248B86100062E875 /* WorkaroundViewController.swift in Sources */,
				2B31D9B02486A8A60062E875 /* ViewController.swift in Sources */,
				2B31D98E24853AFB0062E875 /* AppDelegate.swift in Sources */,
				2B31D9B22486AA3D0062E875 /* ProblemViewController.swift in Sources */,
			);
			runOnlyForDeploymentPostprocessing = 0;
		};
/* End PBXSourcesBuildPhase section */

/* Begin PBXVariantGroup section */
		2B31D99324853AFB0062E875 /* Main.storyboard */ = {
			isa = PBXVariantGroup;
			children = (
				2B31D99424853AFB0062E875 /* Base */,
			);
			name = Main.storyboard;
			sourceTree = "<group>";
		};
		2B31D99824853AFE0062E875 /* LaunchScreen.storyboard */ = {
			isa = PBXVariantGroup;
			children = (
				2B31D99924853AFE0062E875 /* Base */,
			);
			name = LaunchScreen.storyboard;
			sourceTree = "<group>";
		};
/* End PBXVariantGroup section */

/* Begin XCBuildConfiguration section */
		2B31D99C24853AFE0062E875 /* Debug */ = {
			isa = XCBuildConfiguration;
			buildSettings = {
				ALWAYS_SEARCH_USER_PATHS = NO;
				CLANG_ANALYZER_NONNULL = YES;
				CLANG_ANALYZER_NUMBER_OBJECT_CONVERSION = YES_AGGRESSIVE;
				CLANG_CXX_LANGUAGE_STANDARD = "gnu++14";
				CLANG_CXX_LIBRARY = "libc++";
				CLANG_ENABLE_MODULES = YES;
				CLANG_ENABLE_OBJC_ARC = YES;
				CLANG_ENABLE_OBJC_WEAK = YES;
				CLANG_WARN_BLOCK_CAPTURE_AUTORELEASING = YES;
				CLANG_WARN_BOOL_CONVERSION = YES;
				CLANG_WARN_COMMA = YES;
				CLANG_WARN_CONSTANT_CONVERSION = YES;
				CLANG_WARN_DEPRECATED_OBJC_IMPLEMENTATIONS = YES;
				CLANG_WARN_DIRECT_OBJC_ISA_USAGE = YES_ERROR;
				CLANG_WARN_DOCUMENTATION_COMMENTS = YES;
				CLANG_WARN_EMPTY_BODY = YES;
				CLANG_WARN_ENUM_CONVERSION = YES;
				CLANG_WARN_INFINITE_RECURSION = YES;
				CLANG_WARN_INT_CONVERSION = YES;
				CLANG_WARN_NON_LITERAL_NULL_CONVERSION = YES;
				CLANG_WARN_OBJC_IMPLICIT_RETAIN_SELF = YES;
				CLANG_WARN_OBJC_LITERAL_CONVERSION = YES;
				CLANG_WARN_OBJC_ROOT_CLASS = YES_ERROR;
				CLANG_WARN_RANGE_LOOP_ANALYSIS = YES;
				CLANG_WARN_STRICT_PROTOTYPES = YES;
				CLANG_WARN_SUSPICIOUS_MOVE = YES;
				CLANG_WARN_UNGUARDED_AVAILABILITY = YES_AGGRESSIVE;
				CLANG_WARN_UNREACHABLE_CODE = YES;
				CLANG_WARN__DUPLICATE_METHOD_MATCH = YES;
				COPY_PHASE_STRIP = NO;
				DEBUG_INFORMATION_FORMAT = dwarf;
				ENABLE_STRICT_OBJC_MSGSEND = YES;
				ENABLE_TESTABILITY = YES;
				GCC_C_LANGUAGE_STANDARD = gnu11;
				GCC_DYNAMIC_NO_PIC = NO;
				GCC_NO_COMMON_BLOCKS = YES;
				GCC_OPTIMIZATION_LEVEL = 0;
				GCC_PREPROCESSOR_DEFINITIONS = (
					"DEBUG=1",
					"$(inherited)",
				);
				GCC_WARN_64_TO_32_BIT_CONVERSION = YES;
				GCC_WARN_ABOUT_RETURN_TYPE = YES_ERROR;
				GCC_WARN_UNDECLARED_SELECTOR = YES;
				GCC_WARN_UNINITIALIZED_AUTOS = YES_AGGRESSIVE;
				GCC_WARN_UNUSED_FUNCTION = YES;
				GCC_WARN_UNUSED_VARIABLE = YES;
				IPHONEOS_DEPLOYMENT_TARGET = 11.0;
				MTL_ENABLE_DEBUG_INFO = INCLUDE_SOURCE;
				MTL_FAST_MATH = YES;
				ONLY_ACTIVE_ARCH = YES;
				SDKROOT = iphoneos;
				SWIFT_ACTIVE_COMPILATION_CONDITIONS = DEBUG;
				SWIFT_OPTIMIZATION_LEVEL = "-Onone";
			};
			name = Debug;
		};
		2B31D99D24853AFE0062E875 /* Release */ = {
			isa = XCBuildConfiguration;
			buildSettings = {
				ALWAYS_SEARCH_USER_PATHS = NO;
				CLANG_ANALYZER_NONNULL = YES;
				CLANG_ANALYZER_NUMBER_OBJECT_CONVERSION = YES_AGGRESSIVE;
				CLANG_CXX_LANGUAGE_STANDARD = "gnu++14";
				CLANG_CXX_LIBRARY = "libc++";
				CLANG_ENABLE_MODULES = YES;
				CLANG_ENABLE_OBJC_ARC = YES;
				CLANG_ENABLE_OBJC_WEAK = YES;
				CLANG_WARN_BLOCK_CAPTURE_AUTORELEASING = YES;
				CLANG_WARN_BOOL_CONVERSION = YES;
				CLANG_WARN_COMMA = YES;
				CLANG_WARN_CONSTANT_CONVERSION = YES;
				CLANG_WARN_DEPRECATED_OBJC_IMPLEMENTATIONS = YES;
				CLANG_WARN_DIRECT_OBJC_ISA_USAGE = YES_ERROR;
				CLANG_WARN_DOCUMENTATION_COMMENTS = YES;
				CLANG_WARN_EMPTY_BODY = YES;
				CLANG_WARN_ENUM_CONVERSION = YES;
				CLANG_WARN_INFINITE_RECURSION = YES;
				CLANG_WARN_INT_CONVERSION = YES;
				CLANG_WARN_NON_LITERAL_NULL_CONVERSION = YES;
				CLANG_WARN_OBJC_IMPLICIT_RETAIN_SELF = YES;
				CLANG_WARN_OBJC_LITERAL_CONVERSION = YES;
				CLANG_WARN_OBJC_ROOT_CLASS = YES_ERROR;
				CLANG_WARN_RANGE_LOOP_ANALYSIS = YES;
				CLANG_WARN_STRICT_PROTOTYPES = YES;
				CLANG_WARN_SUSPICIOUS_MOVE = YES;
				CLANG_WARN_UNGUARDED_AVAILABILITY = YES_AGGRESSIVE;
				CLANG_WARN_UNREACHABLE_CODE = YES;
				CLANG_WARN__DUPLICATE_METHOD_MATCH = YES;
				COPY_PHASE_STRIP = NO;
				DEBUG_INFORMATION_FORMAT = "dwarf-with-dsym";
				ENABLE_NS_ASSERTIONS = NO;
				ENABLE_STRICT_OBJC_MSGSEND = YES;
				GCC_C_LANGUAGE_STANDARD = gnu11;
				GCC_NO_COMMON_BLOCKS = YES;
				GCC_WARN_64_TO_32_BIT_CONVERSION = YES;
				GCC_WARN_ABOUT_RETURN_TYPE = YES_ERROR;
				GCC_WARN_UNDECLARED_SELECTOR = YES;
				GCC_WARN_UNINITIALIZED_AUTOS = YES_AGGRESSIVE;
				GCC_WARN_UNUSED_FUNCTION = YES;
				GCC_WARN_UNUSED_VARIABLE = YES;
				IPHONEOS_DEPLOYMENT_TARGET = 11.0;
				MTL_ENABLE_DEBUG_INFO = NO;
				MTL_FAST_MATH = YES;
				SDKROOT = iphoneos;
				SWIFT_COMPILATION_MODE = wholemodule;
				SWIFT_OPTIMIZATION_LEVEL = "-O";
				VALIDATE_PRODUCT = YES;
			};
			name = Release;
		};
		2B31D99F24853AFE0062E875 /* Debug */ = {
			isa = XCBuildConfiguration;
			buildSettings = {
				ASSETCATALOG_COMPILER_APPICON_NAME = AppIcon;
				CODE_SIGN_STYLE = Automatic;
				DEVELOPMENT_TEAM = 5EP7PAK557;
				FRAMEWORK_SEARCH_PATHS = (
					"$(inherited)",
					"$(PROJECT_DIR)/Carthage/Build/iOS",
				);
				INFOPLIST_FILE = "YTPlayer-Test/Info.plist";
				IPHONEOS_DEPLOYMENT_TARGET = 11.0;
				LD_RUNPATH_SEARCH_PATHS = (
					"$(inherited)",
					"@executable_path/Frameworks",
				);
				PRODUCT_BUNDLE_IDENTIFIER = "hlwan.test.YTPlayer-Test";
				PRODUCT_NAME = "$(TARGET_NAME)";
				SWIFT_VERSION = 5.0;
				TARGETED_DEVICE_FAMILY = 1;
			};
			name = Debug;
		};
		2B31D9A024853AFE0062E875 /* Release */ = {
			isa = XCBuildConfiguration;
			buildSettings = {
				ASSETCATALOG_COMPILER_APPICON_NAME = AppIcon;
				CODE_SIGN_STYLE = Automatic;
				DEVELOPMENT_TEAM = 5EP7PAK557;
				FRAMEWORK_SEARCH_PATHS = (
					"$(inherited)",
					"$(PROJECT_DIR)/Carthage/Build/iOS",
				);
				INFOPLIST_FILE = "YTPlayer-Test/Info.plist";
				IPHONEOS_DEPLOYMENT_TARGET = 11.0;
				LD_RUNPATH_SEARCH_PATHS = (
					"$(inherited)",
					"@executable_path/Frameworks",
				);
				PRODUCT_BUNDLE_IDENTIFIER = "hlwan.test.YTPlayer-Test";
				PRODUCT_NAME = "$(TARGET_NAME)";
				SWIFT_VERSION = 5.0;
				TARGETED_DEVICE_FAMILY = 1;
			};
			name = Release;
		};
/* End XCBuildConfiguration section */

/* Begin XCConfigurationList section */
		2B31D98524853AFB0062E875 /* Build configuration list for PBXProject "YTPlayer-Test" */ = {
			isa = XCConfigurationList;
			buildConfigurations = (
				2B31D99C24853AFE0062E875 /* Debug */,
				2B31D99D24853AFE0062E875 /* Release */,
			);
			defaultConfigurationIsVisible = 0;
			defaultConfigurationName = Release;
		};
		2B31D99E24853AFE0062E875 /* Build configuration list for PBXNativeTarget "YTPlayer-Test" */ = {
			isa = XCConfigurationList;
			buildConfigurations = (
				2B31D99F24853AFE0062E875 /* Debug */,
				2B31D9A024853AFE0062E875 /* Release */,
			);
			defaultConfigurationIsVisible = 0;
			defaultConfigurationName = Release;
		};
/* End XCConfigurationList section */
	};
	rootObject = 2B31D98224853AFB0062E875 /* Project object */;
}
